
Microsoft Visual Studio Solution File, Format Version 12.00
# Visual Studio 15
VisualStudioVersion = 15.0.28307.329
MinimumVisualStudioVersion = 10.0.40219.1
Project("{9A19103F-16F7-4668-BE54-9A1E7A4F7556}") = "Web-API", "Web-API\Web-API.csproj", "{C751EDB7-52C5-4F18-B1A1-AF631908149A}"
EndProject
Project("{9A19103F-16F7-4668-BE54-9A1E7A4F7556}") = "Web-DAL", "Web-DAL\Web-DAL.csproj", "{42077315-83E6-4DB5-912E-46A83FC4772B}"
EndProject
Project("{9A19103F-16F7-4668-BE54-9A1E7A4F7556}") = "Web-Application", "Web-Application\Web-Application.csproj", "{97DEF70C-AF16-494D-BA2D-418138D47402}"
EndProject
Project("{FAE04EC0-301F-11D3-BF4B-00C04F79EFBC}") = "Web-Infrastucture", "Web-Infrastucture\Web-Infrastucture.csproj", "{83400314-717F-42D6-A51C-E18403F9D707}"
EndProject
Global
	GlobalSection(SolutionConfigurationPlatforms) = preSolution
		Debug|Any CPU = Debug|Any CPU
		Release|Any CPU = Release|Any CPU
	EndGlobalSection
	GlobalSection(ProjectConfigurationPlatforms) = postSolution
		{C751EDB7-52C5-4F18-B1A1-AF631908149A}.Debug|Any CPU.ActiveCfg = Debug|Any CPU
		{C751EDB7-52C5-4F18-B1A1-AF631908149A}.Debug|Any CPU.Build.0 = Debug|Any CPU
		{C751EDB7-52C5-4F18-B1A1-AF631908149A}.Release|Any CPU.ActiveCfg = Release|Any CPU
		{C751EDB7-52C5-4F18-B1A1-AF631908149A}.Release|Any CPU.Build.0 = Release|Any CPU
		{42077315-83E6-4DB5-912E-46A83FC4772B}.Debug|Any CPU.ActiveCfg = Debug|Any CPU
		{42077315-83E6-4DB5-912E-46A83FC4772B}.Debug|Any CPU.Build.0 = Debug|Any CPU
		{42077315-83E6-4DB5-912E-46A83FC4772B}.Release|Any CPU.ActiveCfg = Release|Any CPU
		{42077315-83E6-4DB5-912E-46A83FC4772B}.Release|Any CPU.Build.0 = Release|Any CPU
		{97DEF70C-AF16-494D-BA2D-418138D47402}.Debug|Any CPU.ActiveCfg = Debug|Any CPU
		{97DEF70C-AF16-494D-BA2D-418138D47402}.Debug|Any CPU.Build.0 = Debug|Any CPU
		{97DEF70C-AF16-494D-BA2D-418138D47402}.Release|Any CPU.ActiveCfg = Release|Any CPU
		{97DEF70C-AF16-494D-BA2D-418138D47402}.Release|Any CPU.Build.0 = Release|Any CPU
		{83400314-717F-42D6-A51C-E18403F9D707}.Debug|Any CPU.ActiveCfg = Debug|Any CPU
		{83400314-717F-42D6-A51C-E18403F9D707}.Debug|Any CPU.Build.0 = Debug|Any CPU
		{83400314-717F-42D6-A51C-E18403F9D707}.Release|Any CPU.ActiveCfg = Release|Any CPU
		{83400314-717F-42D6-A51C-E18403F9D707}.Release|Any CPU.Build.0 = Release|Any CPU
	EndGlobalSection
	GlobalSection(SolutionProperties) = preSolution
		HideSolutionNode = FALSE
	EndGlobalSection
	GlobalSection(ExtensibilityGlobals) = postSolution
		SolutionGuid = {0E860AB4-19C3-4405-9DA8-9D2E528C576F}
	EndGlobalSection
EndGlobal
